
Microsoft Visual Studio Solution File, Format Version 12.00
# Visual Studio 2017
Project("{FAE04EC0-301F-11D3-BF4B-00C04F79EFBC}") = "VR Toss Project", "VR Toss Project.csproj", "{757AA66C-4CCA-960C-82FC-BF92E678ACE1}"
EndProject
Project("{FAE04EC0-301F-11D3-BF4B-00C04F79EFBC}") = "VR Toss Project.Editor", "VR Toss Project.Editor.csproj", "{72F15A44-E410-C9F1-3CC0-3EDCE6BEB00E}"
EndProject
Global
	GlobalSection(SolutionConfigurationPlatforms) = preSolution
		Debug|Any CPU = Debug|Any CPU
		Release|Any CPU = Release|Any CPU
	EndGlobalSection
	GlobalSection(ProjectConfigurationPlatforms) = postSolution
		{757AA66C-4CCA-960C-82FC-BF92E678ACE1}.Debug|Any CPU.ActiveCfg = Debug|Any CPU
		{757AA66C-4CCA-960C-82FC-BF92E678ACE1}.Debug|Any CPU.Build.0 = Debug|Any CPU
		{757AA66C-4CCA-960C-82FC-BF92E678ACE1}.Release|Any CPU.ActiveCfg = Release|Any CPU
		{757AA66C-4CCA-960C-82FC-BF92E678ACE1}.Release|Any CPU.Build.0 = Release|Any CPU
		{72F15A44-E410-C9F1-3CC0-3EDCE6BEB00E}.Debug|Any CPU.ActiveCfg = Debug|Any CPU
		{72F15A44-E410-C9F1-3CC0-3EDCE6BEB00E}.Debug|Any CPU.Build.0 = Debug|Any CPU
		{72F15A44-E410-C9F1-3CC0-3EDCE6BEB00E}.Release|Any CPU.ActiveCfg = Release|Any CPU
		{72F15A44-E410-C9F1-3CC0-3EDCE6BEB00E}.Release|Any CPU.Build.0 = Release|Any CPU
	EndGlobalSection
	GlobalSection(SolutionProperties) = preSolution
		HideSolutionNode = FALSE
	EndGlobalSection
EndGlobal
